
Microsoft Visual Studio Solution File, Format Version 12.00
# Visual Studio 15
VisualStudioVersion = 15.0.26730.15
MinimumVisualStudioVersion = 10.0.40219.1
Project("{9A19103F-16F7-4668-BE54-9A1E7A4F7556}") = "Bio.Core", "Source\Bio.Core\Bio.Core.csproj", "{59F866A1-0911-444A-89CB-5B6ADC6FE320}"
EndProject
Project("{2150E333-8FDC-42A3-9474-1A3956D46DE8}") = "Tests", "Tests", "{0003BF80-6559-4A33-907D-4D98AD70C56A}"
EndProject
Project("{D954291E-2A0B-460D-934E-DC6B0785DB48}") = "TestData", "Tests\TestData\TestData.shproj", "{64B51721-D4FD-4DA6-B722-95DBAE696F03}"
EndProject
Project("{9A19103F-16F7-4668-BE54-9A1E7A4F7556}") = "Bio.Tests", "Tests\Bio.Tests\Bio.Tests.csproj", "{36E57777-1CFC-4288-B33C-EF7C4036966E}"
EndProject
Project("{9A19103F-16F7-4668-BE54-9A1E7A4F7556}") = "Bio.Padena", "Source\Bio.Padena\Bio.Padena.csproj", "{212C2E8A-6CB1-42E8-8216-B152579428EB}"
EndProject
Project("{9A19103F-16F7-4668-BE54-9A1E7A4F7556}") = "Bio.Pamsam", "Source\Bio.Pamsam\Bio.Pamsam.csproj", "{97C70B82-1581-454A-839F-30FA6647748C}"
EndProject
Project("{2150E333-8FDC-42A3-9474-1A3956D46DE8}") = "Tools", "Tools", "{67FADB46-16E5-4B25-AF7E-69086773E56D}"
EndProject
Project("{FAE04EC0-301F-11D3-BF4B-00C04F79EFBC}") = "BedStats", "Tools\BedStats\BedStats.csproj", "{04AE089E-B261-421F-B56F-7464E8D459AC}"
EndProject
Project("{FAE04EC0-301F-11D3-BF4B-00C04F79EFBC}") = "Tools.VennToNodeXL", "Tools\Tools.VennToNodeXL\Tools.VennToNodeXL.csproj", "{FF6A5F00-BAB6-4C8C-9634-A02592187090}"
EndProject
Project("{FAE04EC0-301F-11D3-BF4B-00C04F79EFBC}") = "VennTool", "Tools\VennTool\VennTool.csproj", "{6A22023F-655F-4327-AEFF-E35866867019}"
EndProject
Project("{FAE04EC0-301F-11D3-BF4B-00C04F79EFBC}") = "BioExcel.Visualizations.Common", "Tools\BioExcel.Visualizations.Common\BioExcel.Visualizations.Common.csproj", "{67C2BFE2-0A68-4A1C-8F02-D39CE6353BD3}"
EndProject
Project("{9A19103F-16F7-4668-BE54-9A1E7A4F7556}") = "ComparativeUtil", "Tools\ComparativeUtil\ComparativeUtil.csproj", "{53E1055D-99CA-4076-99CB-BBC84A8113C6}"
EndProject
Project("{9A19103F-16F7-4668-BE54-9A1E7A4F7556}") = "ConsensusUtil", "Tools\ConsensusUtil\ConsensusUtil.csproj", "{98CB675B-F1BB-4ACF-8271-99A1EF3ED1D4}"
EndProject
Project("{9A19103F-16F7-4668-BE54-9A1E7A4F7556}") = "FileFormatConverter", "Tools\FileFormatConverter\FileFormatConverter.csproj", "{65B06727-2DD9-4ECF-909E-BED1994F61FC}"
EndProject
Project("{9A19103F-16F7-4668-BE54-9A1E7A4F7556}") = "FilterReadsUtil", "Tools\FilterReadsUtil\FilterReadsUtil.csproj", "{51FA2F1B-B4BD-4395-B6BB-8DF09A57E9EE}"
EndProject
Project("{9A19103F-16F7-4668-BE54-9A1E7A4F7556}") = "LayoutRefinementUtil", "Tools\LayoutRefinementUtil\LayoutRefinementUtil.csproj", "{B29C9E86-AF61-4FEF-A8CD-CD93A9B8E54F}"
EndProject
Project("{9A19103F-16F7-4668-BE54-9A1E7A4F7556}") = "LisUtil", "Tools\LisUtil\LisUtil.csproj", "{29DC4E8F-F383-4632-BE37-0B2209EFBB5C}"
EndProject
Project("{9A19103F-16F7-4668-BE54-9A1E7A4F7556}") = "MumUtil", "Tools\MumUtil\MumUtil.csproj", "{9CDB0D9D-2011-4AF9-BDA5-36D167D729AE}"
EndProject
Project("{9A19103F-16F7-4668-BE54-9A1E7A4F7556}") = "NucmerUtil", "Tools\NucmerUtil\NucmerUtil.csproj", "{4A4D47EF-FD99-45E0-B487-6003AABEBCA2}"
EndProject
Project("{9A19103F-16F7-4668-BE54-9A1E7A4F7556}") = "PadenaUtil", "Tools\PadenaUtil\PadenaUtil.csproj", "{970A6BE6-95C6-40A5-919F-C128AB71F2FF}"
EndProject
Project("{FAE04EC0-301F-11D3-BF4B-00C04F79EFBC}") = "ReadSimulator", "Tools\ReadSimulator\ReadSimulator.csproj", "{1CEA873B-6050-42C9-845F-13B694504BCA}"
EndProject
Project("{9A19103F-16F7-4668-BE54-9A1E7A4F7556}") = "RepeatResolutionUtil", "Tools\RepeatResolutionUtil\RepeatResolutionUtil.csproj", "{F8D6228E-F496-48CC-9B0C-F1FD43AE49C8}"
EndProject
Project("{9A19103F-16F7-4668-BE54-9A1E7A4F7556}") = "SampleClusterApp", "Tools\SampleClusterApp\SampleClusterApp.csproj", "{413417D3-8815-4A46-AD6D-E0306B948574}"
EndProject
Project("{9A19103F-16F7-4668-BE54-9A1E7A4F7556}") = "SamUtil", "Tools\SamUtil\SamUtil.csproj", "{A066E48E-92FF-485A-88E9-C22CF424FE66}"
EndProject
Project("{9A19103F-16F7-4668-BE54-9A1E7A4F7556}") = "ScaffoldUtil", "Tools\ScaffoldUtil\ScaffoldUtil.csproj", "{C7E08989-CB4C-4239-BAFA-1F351771078A}"
EndProject
Project("{9A19103F-16F7-4668-BE54-9A1E7A4F7556}") = "TestDataFilter", "Tools\TestDataFilter\TestDataFilter.csproj", "{3745F576-9B35-472D-9565-606D83F081F9}"
EndProject
Project("{FAE04EC0-301F-11D3-BF4B-00C04F79EFBC}") = "BioExcel", "Tools\BioExcel\BioExcel.csproj", "{F8A2F8E7-1549-4736-BD45-DC363F51A41B}"
EndProject
Project("{FAE04EC0-301F-11D3-BF4B-00C04F79EFBC}") = "BioSequenceAssembler", "Tools\SequenceAssembler\BioSequenceAssembler.csproj", "{49391C5C-F94E-4BD4-8139-5D4184557E79}"
EndProject
Project("{9A19103F-16F7-4668-BE54-9A1E7A4F7556}") = "Bio.Pamsam.Tests", "Tests\Bio.Pamsam.Tests\Bio.Pamsam.Tests.csproj", "{0B30B0E2-31F4-47FB-A28E-813CD26FD51A}"
EndProject
Project("{FAE04EC0-301F-11D3-BF4B-00C04F79EFBC}") = "Bio.Padena.Tests", "Tests\Bio.Padena.Tests\Bio.Padena.Tests.csproj", "{87995442-FA51-4D5B-B678-76CA2BDA0993}"
EndProject
Global
	GlobalSection(SharedMSBuildProjectFiles) = preSolution
		Tests\TestData\TestData.projitems*{36e57777-1cfc-4288-b33c-ef7c4036966e}*SharedItemsImports = 4
		Tests\TestData\TestData.projitems*{64b51721-d4fd-4da6-b722-95dbae696f03}*SharedItemsImports = 13
	EndGlobalSection
	GlobalSection(SolutionConfigurationPlatforms) = preSolution
		Debug|Any CPU = Debug|Any CPU
		Release|Any CPU = Release|Any CPU
	EndGlobalSection
	GlobalSection(ProjectConfigurationPlatforms) = postSolution
		{59F866A1-0911-444A-89CB-5B6ADC6FE320}.Debug|Any CPU.ActiveCfg = Debug|Any CPU
		{59F866A1-0911-444A-89CB-5B6ADC6FE320}.Debug|Any CPU.Build.0 = Debug|Any CPU
		{59F866A1-0911-444A-89CB-5B6ADC6FE320}.Release|Any CPU.ActiveCfg = Release|Any CPU
		{59F866A1-0911-444A-89CB-5B6ADC6FE320}.Release|Any CPU.Build.0 = Release|Any CPU
		{36E57777-1CFC-4288-B33C-EF7C4036966E}.Debug|Any CPU.ActiveCfg = Debug|Any CPU
		{36E57777-1CFC-4288-B33C-EF7C4036966E}.Debug|Any CPU.Build.0 = Debug|Any CPU
		{36E57777-1CFC-4288-B33C-EF7C4036966E}.Release|Any CPU.ActiveCfg = Release|Any CPU
		{36E57777-1CFC-4288-B33C-EF7C4036966E}.Release|Any CPU.Build.0 = Release|Any CPU
		{212C2E8A-6CB1-42E8-8216-B152579428EB}.Debug|Any CPU.ActiveCfg = Debug|Any CPU
		{212C2E8A-6CB1-42E8-8216-B152579428EB}.Debug|Any CPU.Build.0 = Debug|Any CPU
		{212C2E8A-6CB1-42E8-8216-B152579428EB}.Release|Any CPU.ActiveCfg = Release|Any CPU
		{212C2E8A-6CB1-42E8-8216-B152579428EB}.Release|Any CPU.Build.0 = Release|Any CPU
		{97C70B82-1581-454A-839F-30FA6647748C}.Debug|Any CPU.ActiveCfg = Debug|Any CPU
		{97C70B82-1581-454A-839F-30FA6647748C}.Debug|Any CPU.Build.0 = Debug|Any CPU
		{97C70B82-1581-454A-839F-30FA6647748C}.Release|Any CPU.ActiveCfg = Release|Any CPU
		{97C70B82-1581-454A-839F-30FA6647748C}.Release|Any CPU.Build.0 = Release|Any CPU
		{04AE089E-B261-421F-B56F-7464E8D459AC}.Debug|Any CPU.ActiveCfg = Debug|Any CPU
		{04AE089E-B261-421F-B56F-7464E8D459AC}.Debug|Any CPU.Build.0 = Debug|Any CPU
		{04AE089E-B261-421F-B56F-7464E8D459AC}.Release|Any CPU.ActiveCfg = Release|Any CPU
		{04AE089E-B261-421F-B56F-7464E8D459AC}.Release|Any CPU.Build.0 = Release|Any CPU
		{FF6A5F00-BAB6-4C8C-9634-A02592187090}.Debug|Any CPU.ActiveCfg = Debug|Any CPU
		{FF6A5F00-BAB6-4C8C-9634-A02592187090}.Debug|Any CPU.Build.0 = Debug|Any CPU
		{FF6A5F00-BAB6-4C8C-9634-A02592187090}.Release|Any CPU.ActiveCfg = Release|Any CPU
		{FF6A5F00-BAB6-4C8C-9634-A02592187090}.Release|Any CPU.Build.0 = Release|Any CPU
		{6A22023F-655F-4327-AEFF-E35866867019}.Debug|Any CPU.ActiveCfg = Debug|Any CPU
		{6A22023F-655F-4327-AEFF-E35866867019}.Debug|Any CPU.Build.0 = Debug|Any CPU
		{6A22023F-655F-4327-AEFF-E35866867019}.Release|Any CPU.ActiveCfg = Release|Any CPU
		{6A22023F-655F-4327-AEFF-E35866867019}.Release|Any CPU.Build.0 = Release|Any CPU
		{67C2BFE2-0A68-4A1C-8F02-D39CE6353BD3}.Debug|Any CPU.ActiveCfg = Debug|Any CPU
		{67C2BFE2-0A68-4A1C-8F02-D39CE6353BD3}.Debug|Any CPU.Build.0 = Debug|Any CPU
		{67C2BFE2-0A68-4A1C-8F02-D39CE6353BD3}.Release|Any CPU.ActiveCfg = Release|Any CPU
		{67C2BFE2-0A68-4A1C-8F02-D39CE6353BD3}.Release|Any CPU.Build.0 = Release|Any CPU
		{53E1055D-99CA-4076-99CB-BBC84A8113C6}.Debug|Any CPU.ActiveCfg = Debug|Any CPU
		{53E1055D-99CA-4076-99CB-BBC84A8113C6}.Debug|Any CPU.Build.0 = Debug|Any CPU
		{53E1055D-99CA-4076-99CB-BBC84A8113C6}.Release|Any CPU.ActiveCfg = Release|Any CPU
		{53E1055D-99CA-4076-99CB-BBC84A8113C6}.Release|Any CPU.Build.0 = Release|Any CPU
		{98CB675B-F1BB-4ACF-8271-99A1EF3ED1D4}.Debug|Any CPU.ActiveCfg = Debug|Any CPU
		{98CB675B-F1BB-4ACF-8271-99A1EF3ED1D4}.Debug|Any CPU.Build.0 = Debug|Any CPU
		{98CB675B-F1BB-4ACF-8271-99A1EF3ED1D4}.Release|Any CPU.ActiveCfg = Release|Any CPU
		{98CB675B-F1BB-4ACF-8271-99A1EF3ED1D4}.Release|Any CPU.Build.0 = Release|Any CPU
		{65B06727-2DD9-4ECF-909E-BED1994F61FC}.Debug|Any CPU.ActiveCfg = Debug|Any CPU
		{65B06727-2DD9-4ECF-909E-BED1994F61FC}.Debug|Any CPU.Build.0 = Debug|Any CPU
		{65B06727-2DD9-4ECF-909E-BED1994F61FC}.Release|Any CPU.ActiveCfg = Release|Any CPU
		{65B06727-2DD9-4ECF-909E-BED1994F61FC}.Release|Any CPU.Build.0 = Release|Any CPU
		{51FA2F1B-B4BD-4395-B6BB-8DF09A57E9EE}.Debug|Any CPU.ActiveCfg = Debug|Any CPU
		{51FA2F1B-B4BD-4395-B6BB-8DF09A57E9EE}.Debug|Any CPU.Build.0 = Debug|Any CPU
		{51FA2F1B-B4BD-4395-B6BB-8DF09A57E9EE}.Release|Any CPU.ActiveCfg = Release|Any CPU
		{51FA2F1B-B4BD-4395-B6BB-8DF09A57E9EE}.Release|Any CPU.Build.0 = Release|Any CPU
		{B29C9E86-AF61-4FEF-A8CD-CD93A9B8E54F}.Debug|Any CPU.ActiveCfg = Debug|Any CPU
		{B29C9E86-AF61-4FEF-A8CD-CD93A9B8E54F}.Debug|Any CPU.Build.0 = Debug|Any CPU
		{B29C9E86-AF61-4FEF-A8CD-CD93A9B8E54F}.Release|Any CPU.ActiveCfg = Release|Any CPU
		{B29C9E86-AF61-4FEF-A8CD-CD93A9B8E54F}.Release|Any CPU.Build.0 = Release|Any CPU
		{29DC4E8F-F383-4632-BE37-0B2209EFBB5C}.Debug|Any CPU.ActiveCfg = Debug|Any CPU
		{29DC4E8F-F383-4632-BE37-0B2209EFBB5C}.Debug|Any CPU.Build.0 = Debug|Any CPU
		{29DC4E8F-F383-4632-BE37-0B2209EFBB5C}.Release|Any CPU.ActiveCfg = Release|Any CPU
		{29DC4E8F-F383-4632-BE37-0B2209EFBB5C}.Release|Any CPU.Build.0 = Release|Any CPU
		{9CDB0D9D-2011-4AF9-BDA5-36D167D729AE}.Debug|Any CPU.ActiveCfg = Debug|Any CPU
		{9CDB0D9D-2011-4AF9-BDA5-36D167D729AE}.Debug|Any CPU.Build.0 = Debug|Any CPU
		{9CDB0D9D-2011-4AF9-BDA5-36D167D729AE}.Release|Any CPU.ActiveCfg = Release|Any CPU
		{9CDB0D9D-2011-4AF9-BDA5-36D167D729AE}.Release|Any CPU.Build.0 = Release|Any CPU
		{4A4D47EF-FD99-45E0-B487-6003AABEBCA2}.Debug|Any CPU.ActiveCfg = Debug|Any CPU
		{4A4D47EF-FD99-45E0-B487-6003AABEBCA2}.Debug|Any CPU.Build.0 = Debug|Any CPU
		{4A4D47EF-FD99-45E0-B487-6003AABEBCA2}.Release|Any CPU.ActiveCfg = Release|Any CPU
		{4A4D47EF-FD99-45E0-B487-6003AABEBCA2}.Release|Any CPU.Build.0 = Release|Any CPU
		{970A6BE6-95C6-40A5-919F-C128AB71F2FF}.Debug|Any CPU.ActiveCfg = Debug|Any CPU
		{970A6BE6-95C6-40A5-919F-C128AB71F2FF}.Debug|Any CPU.Build.0 = Debug|Any CPU
		{970A6BE6-95C6-40A5-919F-C128AB71F2FF}.Release|Any CPU.ActiveCfg = Release|Any CPU
		{970A6BE6-95C6-40A5-919F-C128AB71F2FF}.Release|Any CPU.Build.0 = Release|Any CPU
		{1CEA873B-6050-42C9-845F-13B694504BCA}.Debug|Any CPU.ActiveCfg = Debug|Any CPU
		{1CEA873B-6050-42C9-845F-13B694504BCA}.Debug|Any CPU.Build.0 = Debug|Any CPU
		{1CEA873B-6050-42C9-845F-13B694504BCA}.Release|Any CPU.ActiveCfg = Release|Any CPU
		{1CEA873B-6050-42C9-845F-13B694504BCA}.Release|Any CPU.Build.0 = Release|Any CPU
		{F8D6228E-F496-48CC-9B0C-F1FD43AE49C8}.Debug|Any CPU.ActiveCfg = Debug|Any CPU
		{F8D6228E-F496-48CC-9B0C-F1FD43AE49C8}.Debug|Any CPU.Build.0 = Debug|Any CPU
		{F8D6228E-F496-48CC-9B0C-F1FD43AE49C8}.Release|Any CPU.ActiveCfg = Release|Any CPU
		{F8D6228E-F496-48CC-9B0C-F1FD43AE49C8}.Release|Any CPU.Build.0 = Release|Any CPU
		{413417D3-8815-4A46-AD6D-E0306B948574}.Debug|Any CPU.ActiveCfg = Debug|Any CPU
		{413417D3-8815-4A46-AD6D-E0306B948574}.Debug|Any CPU.Build.0 = Debug|Any CPU
		{413417D3-8815-4A46-AD6D-E0306B948574}.Release|Any CPU.ActiveCfg = Release|Any CPU
		{413417D3-8815-4A46-AD6D-E0306B948574}.Release|Any CPU.Build.0 = Release|Any CPU
		{A066E48E-92FF-485A-88E9-C22CF424FE66}.Debug|Any CPU.ActiveCfg = Debug|Any CPU
		{A066E48E-92FF-485A-88E9-C22CF424FE66}.Debug|Any CPU.Build.0 = Debug|Any CPU
		{A066E48E-92FF-485A-88E9-C22CF424FE66}.Release|Any CPU.ActiveCfg = Release|Any CPU
		{A066E48E-92FF-485A-88E9-C22CF424FE66}.Release|Any CPU.Build.0 = Release|Any CPU
		{C7E08989-CB4C-4239-BAFA-1F351771078A}.Debug|Any CPU.ActiveCfg = Debug|Any CPU
		{C7E08989-CB4C-4239-BAFA-1F351771078A}.Debug|Any CPU.Build.0 = Debug|Any CPU
		{C7E08989-CB4C-4239-BAFA-1F351771078A}.Release|Any CPU.ActiveCfg = Release|Any CPU
		{C7E08989-CB4C-4239-BAFA-1F351771078A}.Release|Any CPU.Build.0 = Release|Any CPU
		{3745F576-9B35-472D-9565-606D83F081F9}.Debug|Any CPU.ActiveCfg = Debug|Any CPU
		{3745F576-9B35-472D-9565-606D83F081F9}.Debug|Any CPU.Build.0 = Debug|Any CPU
		{3745F576-9B35-472D-9565-606D83F081F9}.Release|Any CPU.ActiveCfg = Release|Any CPU
		{3745F576-9B35-472D-9565-606D83F081F9}.Release|Any CPU.Build.0 = Release|Any CPU
		{F8A2F8E7-1549-4736-BD45-DC363F51A41B}.Debug|Any CPU.ActiveCfg = Debug|Any CPU
		{F8A2F8E7-1549-4736-BD45-DC363F51A41B}.Debug|Any CPU.Build.0 = Debug|Any CPU
		{F8A2F8E7-1549-4736-BD45-DC363F51A41B}.Release|Any CPU.ActiveCfg = Release|Any CPU
		{F8A2F8E7-1549-4736-BD45-DC363F51A41B}.Release|Any CPU.Build.0 = Release|Any CPU
		{49391C5C-F94E-4BD4-8139-5D4184557E79}.Debug|Any CPU.ActiveCfg = Debug|Any CPU
		{49391C5C-F94E-4BD4-8139-5D4184557E79}.Debug|Any CPU.Build.0 = Debug|Any CPU
		{49391C5C-F94E-4BD4-8139-5D4184557E79}.Release|Any CPU.ActiveCfg = Release|Any CPU
		{49391C5C-F94E-4BD4-8139-5D4184557E79}.Release|Any CPU.Build.0 = Release|Any CPU
		{0B30B0E2-31F4-47FB-A28E-813CD26FD51A}.Debug|Any CPU.ActiveCfg = Debug|Any CPU
		{0B30B0E2-31F4-47FB-A28E-813CD26FD51A}.Debug|Any CPU.Build.0 = Debug|Any CPU
		{0B30B0E2-31F4-47FB-A28E-813CD26FD51A}.Release|Any CPU.ActiveCfg = Release|Any CPU
		{0B30B0E2-31F4-47FB-A28E-813CD26FD51A}.Release|Any CPU.Build.0 = Release|Any CPU
		{87995442-FA51-4D5B-B678-76CA2BDA0993}.Debug|Any CPU.ActiveCfg = Debug|Any CPU
		{87995442-FA51-4D5B-B678-76CA2BDA0993}.Debug|Any CPU.Build.0 = Debug|Any CPU
		{87995442-FA51-4D5B-B678-76CA2BDA0993}.Release|Any CPU.ActiveCfg = Release|Any CPU
		{87995442-FA51-4D5B-B678-76CA2BDA0993}.Release|Any CPU.Build.0 = Release|Any CPU
	EndGlobalSection
	GlobalSection(SolutionProperties) = preSolution
		HideSolutionNode = FALSE
	EndGlobalSection
	GlobalSection(NestedProjects) = preSolution
		{64B51721-D4FD-4DA6-B722-95DBAE696F03} = {0003BF80-6559-4A33-907D-4D98AD70C56A}
		{36E57777-1CFC-4288-B33C-EF7C4036966E} = {0003BF80-6559-4A33-907D-4D98AD70C56A}
		{04AE089E-B261-421F-B56F-7464E8D459AC} = {67FADB46-16E5-4B25-AF7E-69086773E56D}
		{FF6A5F00-BAB6-4C8C-9634-A02592187090} = {67FADB46-16E5-4B25-AF7E-69086773E56D}
		{6A22023F-655F-4327-AEFF-E35866867019} = {67FADB46-16E5-4B25-AF7E-69086773E56D}
		{67C2BFE2-0A68-4A1C-8F02-D39CE6353BD3} = {67FADB46-16E5-4B25-AF7E-69086773E56D}
		{53E1055D-99CA-4076-99CB-BBC84A8113C6} = {67FADB46-16E5-4B25-AF7E-69086773E56D}
		{98CB675B-F1BB-4ACF-8271-99A1EF3ED1D4} = {67FADB46-16E5-4B25-AF7E-69086773E56D}
		{65B06727-2DD9-4ECF-909E-BED1994F61FC} = {67FADB46-16E5-4B25-AF7E-69086773E56D}
		{51FA2F1B-B4BD-4395-B6BB-8DF09A57E9EE} = {67FADB46-16E5-4B25-AF7E-69086773E56D}
		{B29C9E86-AF61-4FEF-A8CD-CD93A9B8E54F} = {67FADB46-16E5-4B25-AF7E-69086773E56D}
		{29DC4E8F-F383-4632-BE37-0B2209EFBB5C} = {67FADB46-16E5-4B25-AF7E-69086773E56D}
		{9CDB0D9D-2011-4AF9-BDA5-36D167D729AE} = {67FADB46-16E5-4B25-AF7E-69086773E56D}
		{4A4D47EF-FD99-45E0-B487-6003AABEBCA2} = {67FADB46-16E5-4B25-AF7E-69086773E56D}
		{970A6BE6-95C6-40A5-919F-C128AB71F2FF} = {67FADB46-16E5-4B25-AF7E-69086773E56D}
		{1CEA873B-6050-42C9-845F-13B694504BCA} = {67FADB46-16E5-4B25-AF7E-69086773E56D}
		{F8D6228E-F496-48CC-9B0C-F1FD43AE49C8} = {67FADB46-16E5-4B25-AF7E-69086773E56D}
		{413417D3-8815-4A46-AD6D-E0306B948574} = {67FADB46-16E5-4B25-AF7E-69086773E56D}
		{A066E48E-92FF-485A-88E9-C22CF424FE66} = {67FADB46-16E5-4B25-AF7E-69086773E56D}
		{C7E08989-CB4C-4239-BAFA-1F351771078A} = {67FADB46-16E5-4B25-AF7E-69086773E56D}
		{3745F576-9B35-472D-9565-606D83F081F9} = {67FADB46-16E5-4B25-AF7E-69086773E56D}
		{F8A2F8E7-1549-4736-BD45-DC363F51A41B} = {67FADB46-16E5-4B25-AF7E-69086773E56D}
		{49391C5C-F94E-4BD4-8139-5D4184557E79} = {67FADB46-16E5-4B25-AF7E-69086773E56D}
		{0B30B0E2-31F4-47FB-A28E-813CD26FD51A} = {0003BF80-6559-4A33-907D-4D98AD70C56A}
		{87995442-FA51-4D5B-B678-76CA2BDA0993} = {0003BF80-6559-4A33-907D-4D98AD70C56A}
	EndGlobalSection
	GlobalSection(ExtensibilityGlobals) = postSolution
		SolutionGuid = {59AC1A87-DFF2-4A6C-929F-916038858B43}
	EndGlobalSection
EndGlobal
