
Microsoft Visual Studio Solution File, Format Version 11.00
# Visual Studio 2010
Project("{FAE04EC0-301F-11D3-BF4B-00C04F79EFBC}") = "BioSequenceAssembler", "Source\Tools\BioSequenceAssembler\BioSequenceAssembler.csproj", "{49391C5C-F94E-4BD4-8139-5D4184557E79}"
EndProject
Project("{FAE04EC0-301F-11D3-BF4B-00C04F79EFBC}") = "BedStats", "Source\Tools\DevUtils\BedStats\BedStats.csproj", "{04AE089E-B261-421F-B56F-7464E8D459AC}"
EndProject
Project("{FAE04EC0-301F-11D3-BF4B-00C04F79EFBC}") = "VennTool", "Source\Tools\DevUtils\VennTool\VennTool.csproj", "{6A22023F-655F-4327-AEFF-E35866867019}"
EndProject
Project("{FAE04EC0-301F-11D3-BF4B-00C04F79EFBC}") = "ReadSimulator", "Source\Tools\ReadSimulator\ReadSimulator.csproj", "{1CEA873B-6050-42C9-845F-13B694504BCA}"
EndProject
Project("{2150E333-8FDC-42A3-9474-1A3956D46DE8}") = "Solution Items", "Solution Items", "{126712E3-C7E5-44EC-B7AA-E4BEBABAEA00}"
	ProjectSection(SolutionItems) = preProject
		Bio.vsmdi = Bio.vsmdi
		Bio1.vsmdi = Bio1.vsmdi
		Local.testsettings = Local.testsettings
		Source\Tools\ReadMe.txt = Source\Tools\ReadMe.txt
		TraceAndTestImpact.testsettings = TraceAndTestImpact.testsettings
	EndProjectSection
EndProject
Project("{FAE04EC0-301F-11D3-BF4B-00C04F79EFBC}") = "MumUtil", "Source\Tools\MumUtil\MumUtil.csproj", "{050EF1B0-2525-4726-98D4-3ED96CBB696A}"
EndProject
Project("{FAE04EC0-301F-11D3-BF4B-00C04F79EFBC}") = "LisUtil", "Source\Tools\LisUtil\LisUtil.csproj", "{28E74B96-A1AE-49DE-B0CB-6CD3162966B3}"
EndProject
Project("{FAE04EC0-301F-11D3-BF4B-00C04F79EFBC}") = "PadenaUtil", "Source\Tools\PadenaUtil\PadenaUtil.csproj", "{971B6AD2-05BE-4912-A62E-3E838117AD1C}"
EndProject
Project("{FAE04EC0-301F-11D3-BF4B-00C04F79EFBC}") = "NucmerUtil", "Source\Tools\NucmerUtil\NucmerUtil.csproj", "{6383B99B-0A0C-48A7-85BB-9CE1E1CC1464}"
EndProject
Project("{FAE04EC0-301F-11D3-BF4B-00C04F79EFBC}") = "Bio", "Source\Framework\Bio\Bio.csproj", "{B53E11DF-F9A9-4939-893E-78E59872089A}"
EndProject
Project("{FAE04EC0-301F-11D3-BF4B-00C04F79EFBC}") = "Bio.Tests", "Tests\Bio.Tests\Bio.Tests.csproj", "{B58E121A-3D49-472F-A20A-72EC35575E53}"
EndProject
Project("{FAE04EC0-301F-11D3-BF4B-00C04F79EFBC}") = "Bio.WebServiceHandlers", "Source\Framework\Bio.WebServiceHandlers\Bio.WebServiceHandlers.csproj", "{C5A9B65E-98FB-4879-8699-69E8AB6A4BAA}"
EndProject
Project("{FAE04EC0-301F-11D3-BF4B-00C04F79EFBC}") = "Bio.Pamsam", "Source\Framework\Add-ins\Bio.Pamsam\Bio.Pamsam.csproj", "{0416DD4D-DA84-4BBF-B698-892CF04D3DFB}"
EndProject
Project("{FAE04EC0-301F-11D3-BF4B-00C04F79EFBC}") = "Bio.TestAutomation", "Tests\Bio.TestAutomation\Bio.TestAutomation.csproj", "{226DB690-593B-4C28-B7BC-3CBEB16A072D}"
EndProject
Project("{FAE04EC0-301F-11D3-BF4B-00C04F79EFBC}") = "Bio.Padena", "Source\Framework\Add-ins\Bio.Padena\Bio.Padena.csproj", "{1CFF1C79-1E34-4411-97E0-0FB02F4865C3}"
EndProject
Project("{FAE04EC0-301F-11D3-BF4B-00C04F79EFBC}") = "Bio.TestUtils", "Tests\Bio.TestUtils\Bio.TestUtils.csproj", "{FC09FA89-39A2-4DB7-BB26-4DF616918506}"
EndProject
Project("{FAE04EC0-301F-11D3-BF4B-00C04F79EFBC}") = "Tools.VennToNodeXL", "Source\Tools\DevUtils\Tools.VennToNodeXL\Tools.VennToNodeXL.csproj", "{FF6A5F00-BAB6-4C8C-9634-A02592187090}"
EndProject
Project("{FAE04EC0-301F-11D3-BF4B-00C04F79EFBC}") = "Bio.TemplateWizard", "Source\Tools\Bio.TemplateWizard\Bio.TemplateWizard.csproj", "{50A3663B-DDA5-47A1-ADCF-DA55BAAE6EE5}"
EndProject
Project("{FAE04EC0-301F-11D3-BF4B-00C04F79EFBC}") = "ComparativeUtil", "Source\Tools\ComparativeUtil\ComparativeUtil.csproj", "{DE5EFB02-2E3F-444A-BCF9-CEE1F88782DB}"
EndProject
Project("{FAE04EC0-301F-11D3-BF4B-00C04F79EFBC}") = "SamUtil", "Source\Tools\SamUtil\SamUtil.csproj", "{438E5AEB-2B46-491A-9173-A46780DFC282}"
EndProject
Project("{FAE04EC0-301F-11D3-BF4B-00C04F79EFBC}") = "ConsensusUtil", "Source\Tools\ConsensusUtil\ConsensusUtil.csproj", "{26651789-21CE-47DA-99C3-F88379D5BAA4}"
EndProject
Project("{FAE04EC0-301F-11D3-BF4B-00C04F79EFBC}") = "LayoutRefinementUtil", "Source\Tools\LayoutRefinementUtil\LayoutRefinementUtil.csproj", "{F296DFA5-B691-45C9-89E8-66974F5CA1D3}"
EndProject
Project("{FAE04EC0-301F-11D3-BF4B-00C04F79EFBC}") = "RepeatResolutionUtil", "Source\Tools\RepeatResolutionUtil\RepeatResolutionUtil.csproj", "{B6602193-FB0D-4756-B2B7-4F954AE969DD}"
EndProject
Project("{FAE04EC0-301F-11D3-BF4B-00C04F79EFBC}") = "ScaffoldUtil", "Source\Tools\ScaffoldUtil\ScaffoldUtil.csproj", "{0BE8D839-1086-483A-9842-DACA834DF273}"
EndProject
Project("{FAE04EC0-301F-11D3-BF4B-00C04F79EFBC}") = "Bio.Comparative", "Source\Framework\Add-ins\Bio.Comparative\Bio.Comparative.csproj", "{C14520D3-7E9B-49BB-AFA5-F51E48E06852}"
EndProject
Project("{FAE04EC0-301F-11D3-BF4B-00C04F79EFBC}") = "Bio.Test.AddIns", "Tests\Bio.Test.AddIns\Bio.Test.AddIns.csproj", "{DEBBBC2C-BDB2-4DDC-AB61-7D95324E3147}"
EndProject
Project("{FAE04EC0-301F-11D3-BF4B-00C04F79EFBC}") = "Bio.Workflow", "Source\Tools\Bio.Workflow\Bio.Workflow.csproj", "{6B85CB8B-C8EA-4805-8D54-BE033F993A61}"
EndProject
Project("{FAE04EC0-301F-11D3-BF4B-00C04F79EFBC}") = "Bio.TestConsole", "Tests\Bio.TestConsole\Bio.TestConsole.csproj", "{5AD96CB3-25BB-4FB0-8B0E-C0A0600C0D65}"
EndProject
Project("{FAE04EC0-301F-11D3-BF4B-00C04F79EFBC}") = "Bio.Silverlight", "Source\Framework\Bio.Silverlight\Bio.Silverlight.csproj", "{5F239EA0-9370-4E10-9465-2F805BF25A70}"
EndProject
Project("{FAE04EC0-301F-11D3-BF4B-00C04F79EFBC}") = "Bio.Silverlight.Test", "Tests\Bio.Silverlight.Test\Bio.Silverlight.Test.csproj", "{7FD5DDB3-8584-4083-B740-176B736FC64C}"
EndProject
Project("{FAE04EC0-301F-11D3-BF4B-00C04F79EFBC}") = "FilterReadsUtil", "Source\Tools\FilterReadsUtil\FilterReadsUtil.csproj", "{6C2E2BE7-524B-41F6-91B9-02BB82803818}"
EndProject
Project("{FAE04EC0-301F-11D3-BF4B-00C04F79EFBC}") = "SampleClusterApp", "Source\Tools\SampleClusterApp\SampleClusterApp.csproj", "{8E5EDEE9-6475-483E-91DE-C9AA9C442599}"
EndProject
Project("{FAE04EC0-301F-11D3-BF4B-00C04F79EFBC}") = "Bio.Hpc", "Source\Framework\Bio.Hpc\Bio.Hpc.csproj", "{1FF9E7F1-4571-495B-AF7A-CE1151C4EDC1}"
EndProject
Project("{FAE04EC0-301F-11D3-BF4B-00C04F79EFBC}") = "Bio.Hpc.DistributeApp", "Source\Framework\Bio.Hpc.DistributeApp\Bio.Hpc.DistributeApp.csproj", "{8ACAC84A-CB0C-40C4-B595-CA37E221B180}"
EndProject
Project("{FAE04EC0-301F-11D3-BF4B-00C04F79EFBC}") = "Bio.Silverlight.TestAutomation", "Tests\Bio.Silverlight.TestAutomation\Bio.Silverlight.TestAutomation.csproj", "{AB7503EB-35B5-4164-9DBD-BF77FB95A92F}"
EndProject
Project("{FAE04EC0-301F-11D3-BF4B-00C04F79EFBC}") = "BioExcel", "Source\Tools\BioExcel\BioExcel.csproj", "{F8A2F8E7-1549-4736-BD45-DC363F51A41B}"
EndProject
Project("{FAE04EC0-301F-11D3-BF4B-00C04F79EFBC}") = "BioExcel.Visualizations.Common", "Source\Tools\BioExcel.Visualizations.Common\BioExcel.Visualizations.Common.csproj", "{67C2BFE2-0A68-4A1C-8F02-D39CE6353BD3}"
EndProject
Project("{FAE04EC0-301F-11D3-BF4B-00C04F79EFBC}") = "FileFormatConverter", "Source\Tools\FileFormatConverter\FileFormatConverter.csproj", "{A60BA4EA-5EF2-4CDD-BAEA-2B08815A76B5}"
EndProject
Global
	GlobalSection(TeamFoundationVersionControl) = preSolution
		SccNumberOfProjects = 38
		SccEnterpriseProvider = {4CA58AB2-18FA-4F8D-95D4-32DDF27D184C}
		SccTeamFoundationServer = https://tfs.codeplex.com/tfs/tfs09
		SccLocalPath0 = .
		SccProjectUniqueName1 = Source\\Tools\\LisUtil\\LisUtil.csproj
		SccProjectName1 = Source/Tools/LisUtil
		SccLocalPath1 = Source\\Tools\\LisUtil
		SccProjectUniqueName2 = Source\\Framework\\Add-ins\\Bio.Comparative\\Bio.Comparative.csproj
		SccProjectName2 = Source/Framework/Add-ins/Bio.Comparative
		SccLocalPath2 = Source\\Framework\\Add-ins\\Bio.Comparative
		SccProjectUniqueName3 = Source\\Framework\\Add-ins\\Bio.Padena\\Bio.Padena.csproj
		SccProjectName3 = Source/Framework/Add-ins/Bio.Padena
		SccLocalPath3 = Source\\Framework\\Add-ins\\Bio.Padena
		SccProjectUniqueName4 = Source\\Framework\\Add-ins\\Bio.Pamsam\\Bio.Pamsam.csproj
		SccProjectName4 = Source/Framework/Add-ins/Bio.Pamsam
		SccLocalPath4 = Source\\Framework\\Add-ins\\Bio.Pamsam
		SccProjectUniqueName5 = Source\\Framework\\Bio.Hpc.DistributeApp\\Bio.Hpc.DistributeApp.csproj
		SccProjectName5 = Source/Framework/Bio.Hpc.DistributeApp
		SccLocalPath5 = Source\\Framework\\Bio.Hpc.DistributeApp
		SccProjectUniqueName6 = Source\\Framework\\Bio.Hpc\\Bio.Hpc.csproj
		SccProjectName6 = Source/Framework/Bio.Hpc
		SccLocalPath6 = Source\\Framework\\Bio.Hpc
		SccProjectUniqueName7 = Source\\Framework\\Bio.Silverlight\\Bio.Silverlight.csproj
		SccProjectName7 = Source/Framework/Bio.Silverlight
		SccLocalPath7 = Source\\Framework\\Bio.Silverlight
		SccProjectUniqueName8 = Source\\Framework\\Bio.WebServiceHandlers\\Bio.WebServiceHandlers.csproj
		SccProjectName8 = Source/Framework/Bio.WebServiceHandlers
		SccLocalPath8 = Source\\Framework\\Bio.WebServiceHandlers
		SccProjectUniqueName9 = Source\\Framework\\Bio\\Bio.csproj
		SccProjectName9 = Source/Framework/Bio
		SccLocalPath9 = Source\\Framework\\Bio
		SccProjectUniqueName10 = Source\\Tools\\Bio.TemplateWizard\\Bio.TemplateWizard.csproj
		SccProjectName10 = Source/Tools/Bio.TemplateWizard
		SccLocalPath10 = Source\\Tools\\Bio.TemplateWizard
		SccProjectUniqueName11 = Source\\Tools\\Bio.Workflow\\Bio.Workflow.csproj
		SccProjectName11 = Source/Tools/Bio.Workflow
		SccLocalPath11 = Source\\Tools\\Bio.Workflow
		SccProjectUniqueName12 = Source\\Tools\\BioExcel.Visualizations.Common\\BioExcel.Visualizations.Common.csproj
		SccProjectName12 = Source/Tools/BioExcel.Visualizations.Common
		SccLocalPath12 = Source\\Tools\\BioExcel.Visualizations.Common
		SccProjectUniqueName13 = Source\\Tools\\BioExcel\\BioExcel.csproj
		SccProjectName13 = Source/Tools/BioExcel
		SccLocalPath13 = Source\\Tools\\BioExcel
		SccProjectUniqueName14 = Source\\Tools\\BioSequenceAssembler\\BioSequenceAssembler.csproj
		SccProjectName14 = Source/Tools/BioSequenceAssembler
		SccLocalPath14 = Source\\Tools\\BioSequenceAssembler
		SccProjectUniqueName15 = Source\\Tools\\ComparativeUtil\\ComparativeUtil.csproj
		SccProjectName15 = Source/Tools/ComparativeUtil
		SccLocalPath15 = Source\\Tools\\ComparativeUtil
		SccProjectUniqueName16 = Source\\Tools\\ConsensusUtil\\ConsensusUtil.csproj
		SccProjectName16 = Source/Tools/ConsensusUtil
		SccLocalPath16 = Source\\Tools\\ConsensusUtil
		SccProjectUniqueName17 = Source\\Tools\\DevUtils\\BedStats\\BedStats.csproj
		SccProjectName17 = Source/Tools/DevUtils/BedStats
		SccLocalPath17 = Source\\Tools\\DevUtils\\BedStats
		SccProjectUniqueName18 = Source\\Tools\\DevUtils\\Tools.VennToNodeXL\\Tools.VennToNodeXL.csproj
		SccProjectName18 = Source/Tools/DevUtils/Tools.VennToNodeXL
		SccLocalPath18 = Source\\Tools\\DevUtils\\Tools.VennToNodeXL
		SccProjectUniqueName19 = Source\\Tools\\DevUtils\\VennTool\\VennTool.csproj
		SccProjectName19 = Source/Tools/DevUtils/VennTool
		SccLocalPath19 = Source\\Tools\\DevUtils\\VennTool
		SccProjectUniqueName20 = Source\\Tools\\FileFormatConverter\\FileFormatConverter.csproj
		SccProjectName20 = Source/Tools/FileFormatConverter
		SccLocalPath20 = Source\\Tools\\FileFormatConverter
		SccProjectUniqueName21 = Source\\Tools\\FilterReadsUtil\\FilterReadsUtil.csproj
		SccProjectName21 = Source/Tools/FilterReadsUtil
		SccLocalPath21 = Source\\Tools\\FilterReadsUtil
		SccProjectUniqueName22 = Source\\Tools\\LayoutRefinementUtil\\LayoutRefinementUtil.csproj
		SccProjectName22 = Source/Tools/LayoutRefinementUtil
		SccLocalPath22 = Source\\Tools\\LayoutRefinementUtil
		SccProjectUniqueName23 = Source\\Tools\\MumUtil\\MumUtil.csproj
		SccProjectName23 = Source/Tools/MumUtil
		SccLocalPath23 = Source\\Tools\\MumUtil
		SccProjectUniqueName24 = Source\\Tools\\NucmerUtil\\NucmerUtil.csproj
		SccProjectName24 = Source/Tools/NucmerUtil
		SccLocalPath24 = Source\\Tools\\NucmerUtil
		SccProjectUniqueName25 = Source\\Tools\\PadenaUtil\\PadenaUtil.csproj
		SccProjectName25 = Source/Tools/PadenaUtil
		SccLocalPath25 = Source\\Tools\\PadenaUtil
		SccProjectUniqueName26 = Source\\Tools\\ReadSimulator\\ReadSimulator.csproj
		SccProjectName26 = Source/Tools/ReadSimulator
		SccLocalPath26 = Source\\Tools\\ReadSimulator
		SccProjectUniqueName27 = Source\\Tools\\RepeatResolutionUtil\\RepeatResolutionUtil.csproj
		SccProjectName27 = Source/Tools/RepeatResolutionUtil
		SccLocalPath27 = Source\\Tools\\RepeatResolutionUtil
		SccProjectUniqueName28 = Source\\Tools\\SampleClusterApp\\SampleClusterApp.csproj
		SccProjectName28 = Source/Tools/SampleClusterApp
		SccLocalPath28 = Source\\Tools\\SampleClusterApp
		SccProjectUniqueName29 = Source\\Tools\\SamUtil\\SamUtil.csproj
		SccProjectName29 = Source/Tools/SamUtil
		SccLocalPath29 = Source\\Tools\\SamUtil
		SccProjectUniqueName30 = Source\\Tools\\ScaffoldUtil\\ScaffoldUtil.csproj
		SccProjectName30 = Source/Tools/ScaffoldUtil
		SccLocalPath30 = Source\\Tools\\ScaffoldUtil
		SccProjectUniqueName31 = Tests\\Bio.Silverlight.Test\\Bio.Silverlight.Test.csproj
		SccProjectName31 = Tests/Bio.Silverlight.Test
		SccLocalPath31 = Tests\\Bio.Silverlight.Test
		SccProjectUniqueName32 = Tests\\Bio.Silverlight.TestAutomation\\Bio.Silverlight.TestAutomation.csproj
		SccProjectName32 = Tests/Bio.Silverlight.TestAutomation
		SccLocalPath32 = Tests\\Bio.Silverlight.TestAutomation
		SccProjectUniqueName33 = Tests\\Bio.Test.AddIns\\Bio.Test.AddIns.csproj
		SccProjectName33 = Tests/Bio.Test.AddIns
		SccLocalPath33 = Tests\\Bio.Test.AddIns
		SccProjectUniqueName34 = Tests\\Bio.TestAutomation\\Bio.TestAutomation.csproj
		SccProjectName34 = Tests/Bio.TestAutomation
		SccLocalPath34 = Tests\\Bio.TestAutomation
		SccProjectUniqueName35 = Tests\\Bio.TestConsole\\Bio.TestConsole.csproj
		SccProjectName35 = Tests/Bio.TestConsole
		SccLocalPath35 = Tests\\Bio.TestConsole
		SccProjectUniqueName36 = Tests\\Bio.Tests\\Bio.Tests.csproj
		SccProjectName36 = Tests/Bio.Tests
		SccLocalPath36 = Tests\\Bio.Tests
		SccProjectUniqueName37 = Tests\\Bio.TestUtils\\Bio.TestUtils.csproj
		SccProjectName37 = Tests/Bio.TestUtils
		SccLocalPath37 = Tests\\Bio.TestUtils
	EndGlobalSection
	GlobalSection(TestCaseManagementSettings) = postSolution
		CategoryFile = Bio1.vsmdi
	EndGlobalSection
	GlobalSection(SolutionConfigurationPlatforms) = preSolution
		Debug|Any CPU = Debug|Any CPU
		Release|Any CPU = Release|Any CPU
	EndGlobalSection
	GlobalSection(ProjectConfigurationPlatforms) = postSolution
		{49391C5C-F94E-4BD4-8139-5D4184557E79}.Debug|Any CPU.ActiveCfg = Debug|Any CPU
		{49391C5C-F94E-4BD4-8139-5D4184557E79}.Debug|Any CPU.Build.0 = Debug|Any CPU
		{49391C5C-F94E-4BD4-8139-5D4184557E79}.Release|Any CPU.ActiveCfg = Release|Any CPU
		{49391C5C-F94E-4BD4-8139-5D4184557E79}.Release|Any CPU.Build.0 = Release|Any CPU
		{04AE089E-B261-421F-B56F-7464E8D459AC}.Debug|Any CPU.ActiveCfg = Debug|Any CPU
		{04AE089E-B261-421F-B56F-7464E8D459AC}.Debug|Any CPU.Build.0 = Debug|Any CPU
		{04AE089E-B261-421F-B56F-7464E8D459AC}.Release|Any CPU.ActiveCfg = Release|Any CPU
		{04AE089E-B261-421F-B56F-7464E8D459AC}.Release|Any CPU.Build.0 = Release|Any CPU
		{6A22023F-655F-4327-AEFF-E35866867019}.Debug|Any CPU.ActiveCfg = Debug|Any CPU
		{6A22023F-655F-4327-AEFF-E35866867019}.Debug|Any CPU.Build.0 = Debug|Any CPU
		{6A22023F-655F-4327-AEFF-E35866867019}.Release|Any CPU.ActiveCfg = Release|Any CPU
		{6A22023F-655F-4327-AEFF-E35866867019}.Release|Any CPU.Build.0 = Release|Any CPU
		{1CEA873B-6050-42C9-845F-13B694504BCA}.Debug|Any CPU.ActiveCfg = Debug|Any CPU
		{1CEA873B-6050-42C9-845F-13B694504BCA}.Debug|Any CPU.Build.0 = Debug|Any CPU
		{1CEA873B-6050-42C9-845F-13B694504BCA}.Release|Any CPU.ActiveCfg = Release|Any CPU
		{1CEA873B-6050-42C9-845F-13B694504BCA}.Release|Any CPU.Build.0 = Release|Any CPU
		{050EF1B0-2525-4726-98D4-3ED96CBB696A}.Debug|Any CPU.ActiveCfg = Debug|Any CPU
		{050EF1B0-2525-4726-98D4-3ED96CBB696A}.Debug|Any CPU.Build.0 = Debug|Any CPU
		{050EF1B0-2525-4726-98D4-3ED96CBB696A}.Release|Any CPU.ActiveCfg = Release|Any CPU
		{050EF1B0-2525-4726-98D4-3ED96CBB696A}.Release|Any CPU.Build.0 = Release|Any CPU
		{28E74B96-A1AE-49DE-B0CB-6CD3162966B3}.Debug|Any CPU.ActiveCfg = Debug|Any CPU
		{28E74B96-A1AE-49DE-B0CB-6CD3162966B3}.Debug|Any CPU.Build.0 = Debug|Any CPU
		{28E74B96-A1AE-49DE-B0CB-6CD3162966B3}.Release|Any CPU.ActiveCfg = Release|Any CPU
		{28E74B96-A1AE-49DE-B0CB-6CD3162966B3}.Release|Any CPU.Build.0 = Release|Any CPU
		{971B6AD2-05BE-4912-A62E-3E838117AD1C}.Debug|Any CPU.ActiveCfg = Debug|Any CPU
		{971B6AD2-05BE-4912-A62E-3E838117AD1C}.Debug|Any CPU.Build.0 = Debug|Any CPU
		{971B6AD2-05BE-4912-A62E-3E838117AD1C}.Release|Any CPU.ActiveCfg = Release|Any CPU
		{971B6AD2-05BE-4912-A62E-3E838117AD1C}.Release|Any CPU.Build.0 = Release|Any CPU
		{6383B99B-0A0C-48A7-85BB-9CE1E1CC1464}.Debug|Any CPU.ActiveCfg = Debug|Any CPU
		{6383B99B-0A0C-48A7-85BB-9CE1E1CC1464}.Debug|Any CPU.Build.0 = Debug|Any CPU
		{6383B99B-0A0C-48A7-85BB-9CE1E1CC1464}.Release|Any CPU.ActiveCfg = Release|Any CPU
		{6383B99B-0A0C-48A7-85BB-9CE1E1CC1464}.Release|Any CPU.Build.0 = Release|Any CPU
		{B53E11DF-F9A9-4939-893E-78E59872089A}.Debug|Any CPU.ActiveCfg = Debug|Any CPU
		{B53E11DF-F9A9-4939-893E-78E59872089A}.Debug|Any CPU.Build.0 = Debug|Any CPU
		{B53E11DF-F9A9-4939-893E-78E59872089A}.Release|Any CPU.ActiveCfg = Release|Any CPU
		{B53E11DF-F9A9-4939-893E-78E59872089A}.Release|Any CPU.Build.0 = Release|Any CPU
		{B58E121A-3D49-472F-A20A-72EC35575E53}.Debug|Any CPU.ActiveCfg = Debug|Any CPU
		{B58E121A-3D49-472F-A20A-72EC35575E53}.Debug|Any CPU.Build.0 = Debug|Any CPU
		{B58E121A-3D49-472F-A20A-72EC35575E53}.Release|Any CPU.ActiveCfg = Release|Any CPU
		{B58E121A-3D49-472F-A20A-72EC35575E53}.Release|Any CPU.Build.0 = Release|Any CPU
		{C5A9B65E-98FB-4879-8699-69E8AB6A4BAA}.Debug|Any CPU.ActiveCfg = Debug|Any CPU
		{C5A9B65E-98FB-4879-8699-69E8AB6A4BAA}.Debug|Any CPU.Build.0 = Debug|Any CPU
		{C5A9B65E-98FB-4879-8699-69E8AB6A4BAA}.Release|Any CPU.ActiveCfg = Release|Any CPU
		{C5A9B65E-98FB-4879-8699-69E8AB6A4BAA}.Release|Any CPU.Build.0 = Release|Any CPU
		{0416DD4D-DA84-4BBF-B698-892CF04D3DFB}.Debug|Any CPU.ActiveCfg = Debug|Any CPU
		{0416DD4D-DA84-4BBF-B698-892CF04D3DFB}.Debug|Any CPU.Build.0 = Debug|Any CPU
		{0416DD4D-DA84-4BBF-B698-892CF04D3DFB}.Release|Any CPU.ActiveCfg = Release|Any CPU
		{0416DD4D-DA84-4BBF-B698-892CF04D3DFB}.Release|Any CPU.Build.0 = Release|Any CPU
		{226DB690-593B-4C28-B7BC-3CBEB16A072D}.Debug|Any CPU.ActiveCfg = Debug|Any CPU
		{226DB690-593B-4C28-B7BC-3CBEB16A072D}.Debug|Any CPU.Build.0 = Debug|Any CPU
		{226DB690-593B-4C28-B7BC-3CBEB16A072D}.Release|Any CPU.ActiveCfg = Release|Any CPU
		{226DB690-593B-4C28-B7BC-3CBEB16A072D}.Release|Any CPU.Build.0 = Release|Any CPU
		{1CFF1C79-1E34-4411-97E0-0FB02F4865C3}.Debug|Any CPU.ActiveCfg = Debug|Any CPU
		{1CFF1C79-1E34-4411-97E0-0FB02F4865C3}.Debug|Any CPU.Build.0 = Debug|Any CPU
		{1CFF1C79-1E34-4411-97E0-0FB02F4865C3}.Release|Any CPU.ActiveCfg = Release|Any CPU
		{1CFF1C79-1E34-4411-97E0-0FB02F4865C3}.Release|Any CPU.Build.0 = Release|Any CPU
		{FC09FA89-39A2-4DB7-BB26-4DF616918506}.Debug|Any CPU.ActiveCfg = Debug|Any CPU
		{FC09FA89-39A2-4DB7-BB26-4DF616918506}.Debug|Any CPU.Build.0 = Debug|Any CPU
		{FC09FA89-39A2-4DB7-BB26-4DF616918506}.Release|Any CPU.ActiveCfg = Release|Any CPU
		{FC09FA89-39A2-4DB7-BB26-4DF616918506}.Release|Any CPU.Build.0 = Release|Any CPU
		{FF6A5F00-BAB6-4C8C-9634-A02592187090}.Debug|Any CPU.ActiveCfg = Debug|Any CPU
		{FF6A5F00-BAB6-4C8C-9634-A02592187090}.Debug|Any CPU.Build.0 = Debug|Any CPU
		{FF6A5F00-BAB6-4C8C-9634-A02592187090}.Release|Any CPU.ActiveCfg = Release|Any CPU
		{FF6A5F00-BAB6-4C8C-9634-A02592187090}.Release|Any CPU.Build.0 = Release|Any CPU
		{50A3663B-DDA5-47A1-ADCF-DA55BAAE6EE5}.Debug|Any CPU.ActiveCfg = Debug|Any CPU
		{50A3663B-DDA5-47A1-ADCF-DA55BAAE6EE5}.Debug|Any CPU.Build.0 = Debug|Any CPU
		{50A3663B-DDA5-47A1-ADCF-DA55BAAE6EE5}.Release|Any CPU.ActiveCfg = Release|Any CPU
		{50A3663B-DDA5-47A1-ADCF-DA55BAAE6EE5}.Release|Any CPU.Build.0 = Release|Any CPU
		{DE5EFB02-2E3F-444A-BCF9-CEE1F88782DB}.Debug|Any CPU.ActiveCfg = Debug|Any CPU
		{DE5EFB02-2E3F-444A-BCF9-CEE1F88782DB}.Debug|Any CPU.Build.0 = Debug|Any CPU
		{DE5EFB02-2E3F-444A-BCF9-CEE1F88782DB}.Release|Any CPU.ActiveCfg = Release|Any CPU
		{DE5EFB02-2E3F-444A-BCF9-CEE1F88782DB}.Release|Any CPU.Build.0 = Release|Any CPU
		{438E5AEB-2B46-491A-9173-A46780DFC282}.Debug|Any CPU.ActiveCfg = Debug|Any CPU
		{438E5AEB-2B46-491A-9173-A46780DFC282}.Debug|Any CPU.Build.0 = Debug|Any CPU
		{438E5AEB-2B46-491A-9173-A46780DFC282}.Release|Any CPU.ActiveCfg = Release|Any CPU
		{438E5AEB-2B46-491A-9173-A46780DFC282}.Release|Any CPU.Build.0 = Release|Any CPU
		{26651789-21CE-47DA-99C3-F88379D5BAA4}.Debug|Any CPU.ActiveCfg = Debug|Any CPU
		{26651789-21CE-47DA-99C3-F88379D5BAA4}.Debug|Any CPU.Build.0 = Debug|Any CPU
		{26651789-21CE-47DA-99C3-F88379D5BAA4}.Release|Any CPU.ActiveCfg = Release|Any CPU
		{26651789-21CE-47DA-99C3-F88379D5BAA4}.Release|Any CPU.Build.0 = Release|Any CPU
		{F296DFA5-B691-45C9-89E8-66974F5CA1D3}.Debug|Any CPU.ActiveCfg = Debug|Any CPU
		{F296DFA5-B691-45C9-89E8-66974F5CA1D3}.Debug|Any CPU.Build.0 = Debug|Any CPU
		{F296DFA5-B691-45C9-89E8-66974F5CA1D3}.Release|Any CPU.ActiveCfg = Release|Any CPU
		{F296DFA5-B691-45C9-89E8-66974F5CA1D3}.Release|Any CPU.Build.0 = Release|Any CPU
		{B6602193-FB0D-4756-B2B7-4F954AE969DD}.Debug|Any CPU.ActiveCfg = Debug|Any CPU
		{B6602193-FB0D-4756-B2B7-4F954AE969DD}.Debug|Any CPU.Build.0 = Debug|Any CPU
		{B6602193-FB0D-4756-B2B7-4F954AE969DD}.Release|Any CPU.ActiveCfg = Release|Any CPU
		{B6602193-FB0D-4756-B2B7-4F954AE969DD}.Release|Any CPU.Build.0 = Release|Any CPU
		{0BE8D839-1086-483A-9842-DACA834DF273}.Debug|Any CPU.ActiveCfg = Debug|Any CPU
		{0BE8D839-1086-483A-9842-DACA834DF273}.Debug|Any CPU.Build.0 = Debug|Any CPU
		{0BE8D839-1086-483A-9842-DACA834DF273}.Release|Any CPU.ActiveCfg = Release|Any CPU
		{0BE8D839-1086-483A-9842-DACA834DF273}.Release|Any CPU.Build.0 = Release|Any CPU
		{C14520D3-7E9B-49BB-AFA5-F51E48E06852}.Debug|Any CPU.ActiveCfg = Debug|Any CPU
		{C14520D3-7E9B-49BB-AFA5-F51E48E06852}.Debug|Any CPU.Build.0 = Debug|Any CPU
		{C14520D3-7E9B-49BB-AFA5-F51E48E06852}.Release|Any CPU.ActiveCfg = Release|Any CPU
		{C14520D3-7E9B-49BB-AFA5-F51E48E06852}.Release|Any CPU.Build.0 = Release|Any CPU
		{DEBBBC2C-BDB2-4DDC-AB61-7D95324E3147}.Debug|Any CPU.ActiveCfg = Debug|Any CPU
		{DEBBBC2C-BDB2-4DDC-AB61-7D95324E3147}.Debug|Any CPU.Build.0 = Debug|Any CPU
		{DEBBBC2C-BDB2-4DDC-AB61-7D95324E3147}.Release|Any CPU.ActiveCfg = Release|Any CPU
		{DEBBBC2C-BDB2-4DDC-AB61-7D95324E3147}.Release|Any CPU.Build.0 = Release|Any CPU
		{6B85CB8B-C8EA-4805-8D54-BE033F993A61}.Debug|Any CPU.ActiveCfg = Debug|Any CPU
		{6B85CB8B-C8EA-4805-8D54-BE033F993A61}.Debug|Any CPU.Build.0 = Debug|Any CPU
		{6B85CB8B-C8EA-4805-8D54-BE033F993A61}.Release|Any CPU.ActiveCfg = Release|Any CPU
		{6B85CB8B-C8EA-4805-8D54-BE033F993A61}.Release|Any CPU.Build.0 = Release|Any CPU
		{5AD96CB3-25BB-4FB0-8B0E-C0A0600C0D65}.Debug|Any CPU.ActiveCfg = Debug|Any CPU
		{5AD96CB3-25BB-4FB0-8B0E-C0A0600C0D65}.Debug|Any CPU.Build.0 = Debug|Any CPU
		{5AD96CB3-25BB-4FB0-8B0E-C0A0600C0D65}.Release|Any CPU.ActiveCfg = Release|Any CPU
		{5AD96CB3-25BB-4FB0-8B0E-C0A0600C0D65}.Release|Any CPU.Build.0 = Release|Any CPU
		{5F239EA0-9370-4E10-9465-2F805BF25A70}.Debug|Any CPU.ActiveCfg = Debug|Any CPU
		{5F239EA0-9370-4E10-9465-2F805BF25A70}.Debug|Any CPU.Build.0 = Debug|Any CPU
		{5F239EA0-9370-4E10-9465-2F805BF25A70}.Release|Any CPU.ActiveCfg = Release|Any CPU
		{5F239EA0-9370-4E10-9465-2F805BF25A70}.Release|Any CPU.Build.0 = Release|Any CPU
		{7FD5DDB3-8584-4083-B740-176B736FC64C}.Debug|Any CPU.ActiveCfg = Debug|Any CPU
		{7FD5DDB3-8584-4083-B740-176B736FC64C}.Debug|Any CPU.Build.0 = Debug|Any CPU
		{7FD5DDB3-8584-4083-B740-176B736FC64C}.Release|Any CPU.ActiveCfg = Release|Any CPU
		{7FD5DDB3-8584-4083-B740-176B736FC64C}.Release|Any CPU.Build.0 = Release|Any CPU
		{6C2E2BE7-524B-41F6-91B9-02BB82803818}.Debug|Any CPU.ActiveCfg = Debug|Any CPU
		{6C2E2BE7-524B-41F6-91B9-02BB82803818}.Debug|Any CPU.Build.0 = Debug|Any CPU
		{6C2E2BE7-524B-41F6-91B9-02BB82803818}.Release|Any CPU.ActiveCfg = Release|Any CPU
		{6C2E2BE7-524B-41F6-91B9-02BB82803818}.Release|Any CPU.Build.0 = Release|Any CPU
		{8E5EDEE9-6475-483E-91DE-C9AA9C442599}.Debug|Any CPU.ActiveCfg = Debug|Any CPU
		{8E5EDEE9-6475-483E-91DE-C9AA9C442599}.Debug|Any CPU.Build.0 = Debug|Any CPU
		{8E5EDEE9-6475-483E-91DE-C9AA9C442599}.Release|Any CPU.ActiveCfg = Release|Any CPU
		{8E5EDEE9-6475-483E-91DE-C9AA9C442599}.Release|Any CPU.Build.0 = Release|Any CPU
		{1FF9E7F1-4571-495B-AF7A-CE1151C4EDC1}.Debug|Any CPU.ActiveCfg = Debug|Any CPU
		{1FF9E7F1-4571-495B-AF7A-CE1151C4EDC1}.Debug|Any CPU.Build.0 = Debug|Any CPU
		{1FF9E7F1-4571-495B-AF7A-CE1151C4EDC1}.Release|Any CPU.ActiveCfg = Release|Any CPU
		{1FF9E7F1-4571-495B-AF7A-CE1151C4EDC1}.Release|Any CPU.Build.0 = Release|Any CPU
		{8ACAC84A-CB0C-40C4-B595-CA37E221B180}.Debug|Any CPU.ActiveCfg = Debug|Any CPU
		{8ACAC84A-CB0C-40C4-B595-CA37E221B180}.Debug|Any CPU.Build.0 = Debug|Any CPU
		{8ACAC84A-CB0C-40C4-B595-CA37E221B180}.Release|Any CPU.ActiveCfg = Release|Any CPU
		{8ACAC84A-CB0C-40C4-B595-CA37E221B180}.Release|Any CPU.Build.0 = Release|Any CPU
		{AB7503EB-35B5-4164-9DBD-BF77FB95A92F}.Debug|Any CPU.ActiveCfg = Debug|Any CPU
		{AB7503EB-35B5-4164-9DBD-BF77FB95A92F}.Debug|Any CPU.Build.0 = Debug|Any CPU
		{AB7503EB-35B5-4164-9DBD-BF77FB95A92F}.Release|Any CPU.ActiveCfg = Release|Any CPU
		{AB7503EB-35B5-4164-9DBD-BF77FB95A92F}.Release|Any CPU.Build.0 = Release|Any CPU
		{F8A2F8E7-1549-4736-BD45-DC363F51A41B}.Debug|Any CPU.ActiveCfg = Debug|Any CPU
		{F8A2F8E7-1549-4736-BD45-DC363F51A41B}.Debug|Any CPU.Build.0 = Debug|Any CPU
		{F8A2F8E7-1549-4736-BD45-DC363F51A41B}.Release|Any CPU.ActiveCfg = Release|Any CPU
		{F8A2F8E7-1549-4736-BD45-DC363F51A41B}.Release|Any CPU.Build.0 = Release|Any CPU
		{67C2BFE2-0A68-4A1C-8F02-D39CE6353BD3}.Debug|Any CPU.ActiveCfg = Debug|Any CPU
		{67C2BFE2-0A68-4A1C-8F02-D39CE6353BD3}.Debug|Any CPU.Build.0 = Debug|Any CPU
		{67C2BFE2-0A68-4A1C-8F02-D39CE6353BD3}.Release|Any CPU.ActiveCfg = Release|Any CPU
		{67C2BFE2-0A68-4A1C-8F02-D39CE6353BD3}.Release|Any CPU.Build.0 = Release|Any CPU
		{A60BA4EA-5EF2-4CDD-BAEA-2B08815A76B5}.Debug|Any CPU.ActiveCfg = Debug|Any CPU
		{A60BA4EA-5EF2-4CDD-BAEA-2B08815A76B5}.Debug|Any CPU.Build.0 = Debug|Any CPU
		{A60BA4EA-5EF2-4CDD-BAEA-2B08815A76B5}.Release|Any CPU.ActiveCfg = Release|Any CPU
		{A60BA4EA-5EF2-4CDD-BAEA-2B08815A76B5}.Release|Any CPU.Build.0 = Release|Any CPU
	EndGlobalSection
	GlobalSection(SolutionProperties) = preSolution
		HideSolutionNode = FALSE
	EndGlobalSection
EndGlobal
