
Microsoft Visual Studio Solution File, Format Version 12.00
# Visual Studio 2012
Project("{FAE04EC0-301F-11D3-BF4B-00C04F79EFBC}") = "Bio.Silverlight", "Source\Framework\Bio.Silverlight\Bio.Silverlight.csproj", "{5F239EA0-9370-4E10-9465-2F805BF25A70}"
EndProject
Project("{FAE04EC0-301F-11D3-BF4B-00C04F79EFBC}") = "Bio.Silverlight.Test", "Tests\Bio.Silverlight.Test\Bio.Silverlight.Test.csproj", "{7FD5DDB3-8584-4083-B740-176B736FC64C}"
EndProject
Global
	GlobalSection(TeamFoundationVersionControl) = preSolution
		SccNumberOfProjects = 3
		SccEnterpriseProvider = {4CA58AB2-18FA-4F8D-95D4-32DDF27D184C}
		SccTeamFoundationServer = https://tfs.codeplex.com/tfs/tfs09
		SccProjectUniqueName0 = Source\\Framework\\Bio.Silverlight\\Bio.Silverlight.csproj
		SccProjectName0 = Source/Framework/Bio.Silverlight
		SccLocalPath0 = Source\\Framework\\Bio.Silverlight
		SccProjectUniqueName1 = Tests\\Bio.Silverlight.Test\\Bio.Silverlight.Test.csproj
		SccProjectName1 = Tests/Bio.Silverlight.Test
		SccLocalPath1 = Tests\\Bio.Silverlight.Test
		SccLocalPath2 = .
	EndGlobalSection
	GlobalSection(SolutionConfigurationPlatforms) = preSolution
		Debug|Any CPU = Debug|Any CPU
		Release|Any CPU = Release|Any CPU
	EndGlobalSection
	GlobalSection(ProjectConfigurationPlatforms) = postSolution
		{5F239EA0-9370-4E10-9465-2F805BF25A70}.Debug|Any CPU.ActiveCfg = Debug|Any CPU
		{5F239EA0-9370-4E10-9465-2F805BF25A70}.Debug|Any CPU.Build.0 = Debug|Any CPU
		{5F239EA0-9370-4E10-9465-2F805BF25A70}.Release|Any CPU.ActiveCfg = Release|Any CPU
		{5F239EA0-9370-4E10-9465-2F805BF25A70}.Release|Any CPU.Build.0 = Release|Any CPU
		{7FD5DDB3-8584-4083-B740-176B736FC64C}.Debug|Any CPU.ActiveCfg = Debug|Any CPU
		{7FD5DDB3-8584-4083-B740-176B736FC64C}.Debug|Any CPU.Build.0 = Debug|Any CPU
		{7FD5DDB3-8584-4083-B740-176B736FC64C}.Release|Any CPU.ActiveCfg = Release|Any CPU
		{7FD5DDB3-8584-4083-B740-176B736FC64C}.Release|Any CPU.Build.0 = Release|Any CPU
	EndGlobalSection
	GlobalSection(SolutionProperties) = preSolution
		HideSolutionNode = FALSE
	EndGlobalSection
EndGlobal
