
Microsoft Visual Studio Solution File, Format Version 11.00
# Visual Studio 2010
Project("{FAE04EC0-301F-11D3-BF4B-00C04F79EFBC}") = "DeveloperPreRequisiteCheck", "DeveloperPreRequisiteCheck.csproj", "{151B0F10-B0A8-47EE-9F4C-E9C64EEEB35F}"
EndProject
Global
	GlobalSection(TeamFoundationVersionControl) = preSolution
		SccNumberOfProjects = 2
		SccEnterpriseProvider = {4CA58AB2-18FA-4F8D-95D4-32DDF27D184C}
		SccTeamFoundationServer = https://vstf-eu-dub-01.partners.extranet.microsoft.com:8443/tfs/ext04_consol_tpc
		SccProjectUniqueName0 = DeveloperPreRequisiteCheck.csproj
		SccLocalPath0 = .
		SccLocalPath1 = .
	EndGlobalSection
	GlobalSection(SolutionConfigurationPlatforms) = preSolution
		Debug|Any CPU = Debug|Any CPU
		Release|Any CPU = Release|Any CPU
	EndGlobalSection
	GlobalSection(ProjectConfigurationPlatforms) = postSolution
		{151B0F10-B0A8-47EE-9F4C-E9C64EEEB35F}.Debug|Any CPU.ActiveCfg = Debug|Any CPU
		{151B0F10-B0A8-47EE-9F4C-E9C64EEEB35F}.Debug|Any CPU.Build.0 = Debug|Any CPU
		{151B0F10-B0A8-47EE-9F4C-E9C64EEEB35F}.Release|Any CPU.ActiveCfg = Release|Any CPU
		{151B0F10-B0A8-47EE-9F4C-E9C64EEEB35F}.Release|Any CPU.Build.0 = Release|Any CPU
	EndGlobalSection
	GlobalSection(SolutionProperties) = preSolution
		HideSolutionNode = FALSE
	EndGlobalSection
EndGlobal
